
Microsoft Visual Studio Solution File, Format Version 12.00
Project("{FAE04EC0-301F-11D3-BF4B-00C04F79EFBC}") = "AgarioServer", "AgarioServer\AgarioServer.csproj", "{F47A94C8-F6D8-4022-9FAD-FA06C0715421}"
EndProject
Project("{FAE04EC0-301F-11D3-BF4B-00C04F79EFBC}") = "AgarioShared", "..\Agario\AgarioShared.csproj", "{F02EDDC9-819B-6811-CC0A-A5E1F2BEF94D}"
EndProject
Global
	GlobalSection(SolutionConfigurationPlatforms) = preSolution
		Debug|Any CPU = Debug|Any CPU
		Release|Any CPU = Release|Any CPU
	EndGlobalSection
	GlobalSection(ProjectConfigurationPlatforms) = postSolution
		{F47A94C8-F6D8-4022-9FAD-FA06C0715421}.Debug|Any CPU.ActiveCfg = Debug|Any CPU
		{F47A94C8-F6D8-4022-9FAD-FA06C0715421}.Debug|Any CPU.Build.0 = Debug|Any CPU
		{F47A94C8-F6D8-4022-9FAD-FA06C0715421}.Release|Any CPU.ActiveCfg = Release|Any CPU
		{F47A94C8-F6D8-4022-9FAD-FA06C0715421}.Release|Any CPU.Build.0 = Release|Any CPU
		{F02EDDC9-819B-6811-CC0A-A5E1F2BEF94D}.Debug|Any CPU.ActiveCfg = Debug|Any CPU
		{F02EDDC9-819B-6811-CC0A-A5E1F2BEF94D}.Debug|Any CPU.Build.0 = Debug|Any CPU
		{F02EDDC9-819B-6811-CC0A-A5E1F2BEF94D}.Release|Any CPU.ActiveCfg = Release|Any CPU
		{F02EDDC9-819B-6811-CC0A-A5E1F2BEF94D}.Release|Any CPU.Build.0 = Release|Any CPU
	EndGlobalSection
EndGlobal
